
Microsoft Visual Studio Solution File, Format Version 12.00
# Visual Studio Version 16
VisualStudioVersion = 16.0.30621.155
MinimumVisualStudioVersion = 10.0.40219.1
Project("{8BC9CEB8-8B4A-11D0-8D11-00A0C91BC942}") = "1Review", "Review\Review.vcxproj", "{582CB5C5-9388-4AF7-951A-D974F3A8BE67}"
EndProject
Project("{8BC9CEB8-8B4A-11D0-8D11-00A0C91BC942}") = "AAAA", "AAAA\AAAA.vcxproj", "{74078C63-3CF7-4501-A6E8-CECF963A8D6A}"
EndProject
Project("{8BC9CEB8-8B4A-11D0-8D11-00A0C91BC942}") = "2Search Sort Array", "2Search Sort Array\2Search Sort Array.vcxproj", "{248EC155-891B-4DD0-94E8-B45A065EA005}"
EndProject
Project("{8BC9CEB8-8B4A-11D0-8D11-00A0C91BC942}") = "3Pointers1", "3Pointers1\3Pointers1.vcxproj", "{ADE68B98-AEEF-44D5-9042-CA5C0A7175AA}"
EndProject
Project("{8BC9CEB8-8B4A-11D0-8D11-00A0C91BC942}") = "4pointers2", "4pointers2\4pointers2.vcxproj", "{C2AE2515-3F35-4236-A513-255F007295BE}"
EndProject
Project("{8BC9CEB8-8B4A-11D0-8D11-00A0C91BC942}") = "5cStrings", "5cStrings\5cStrings.vcxproj", "{E69FFC55-5C32-4355-8DCB-1AC81EAE5AD9}"
EndProject
Project("{8BC9CEB8-8B4A-11D0-8D11-00A0C91BC942}") = "6StructuredData1", "6StructuredData1\6StructuredData1.vcxproj", "{00EA4C34-73F5-4D27-9E3E-EC4539CEB38C}"
EndProject
Project("{8BC9CEB8-8B4A-11D0-8D11-00A0C91BC942}") = "7StructuredData2", "7StructuredData2\7StructuredData2.vcxproj", "{15AAA1A6-C38F-44E2-8845-C56FB8000289}"
EndProject
Project("{8BC9CEB8-8B4A-11D0-8D11-00A0C91BC942}") = "8Midterm", "8Midterm\8Midterm.vcxproj", "{0400095B-8D22-4AD3-9E9C-48E68C95A309}"
EndProject
Project("{8BC9CEB8-8B4A-11D0-8D11-00A0C91BC942}") = "9GitHub", "9GitHub\9GitHub.vcxproj", "{200FEA02-4D55-4B27-B204-EC2BC2ED87FD}"
EndProject
Project("{8BC9CEB8-8B4A-11D0-8D11-00A0C91BC942}") = "10AdvancedFileOperations", "10AdvancedFileOperations\10AdvancedFileOperations.vcxproj", "{9A1EA22B-4722-4D2F-8597-7C118B9EA7DD}"
EndProject
Project("{8BC9CEB8-8B4A-11D0-8D11-00A0C91BC942}") = "11Classes1", "11Classes1\11Classes1.vcxproj", "{9D8D7B6C-9A65-4698-8D7E-BAE7856DBC01}"
EndProject
Project("{8BC9CEB8-8B4A-11D0-8D11-00A0C91BC942}") = "13Classes2", "13Classes2\13Classes2.vcxproj", "{2D674D58-DD44-4ED7-8C92-3704DF962782}"
EndProject
Project("{8BC9CEB8-8B4A-11D0-8D11-00A0C91BC942}") = "14Inheritance", "14Inheritance\14Inheritance.vcxproj", "{AEA7E148-5602-4E4E-9382-56FD5181D40F}"
EndProject
Project("{8BC9CEB8-8B4A-11D0-8D11-00A0C91BC942}") = "15aExceptions", "15aExceptions\15aExceptions.vcxproj", "{F422C8A3-A374-4632-A963-69763AD64BF2}"
EndProject
Global
	GlobalSection(SolutionConfigurationPlatforms) = preSolution
		Debug|x64 = Debug|x64
		Debug|x86 = Debug|x86
		Release|x64 = Release|x64
		Release|x86 = Release|x86
	EndGlobalSection
	GlobalSection(ProjectConfigurationPlatforms) = postSolution
		{582CB5C5-9388-4AF7-951A-D974F3A8BE67}.Debug|x64.ActiveCfg = Debug|x64
		{582CB5C5-9388-4AF7-951A-D974F3A8BE67}.Debug|x64.Build.0 = Debug|x64
		{582CB5C5-9388-4AF7-951A-D974F3A8BE67}.Debug|x86.ActiveCfg = Debug|Win32
		{582CB5C5-9388-4AF7-951A-D974F3A8BE67}.Debug|x86.Build.0 = Debug|Win32
		{582CB5C5-9388-4AF7-951A-D974F3A8BE67}.Release|x64.ActiveCfg = Release|x64
		{582CB5C5-9388-4AF7-951A-D974F3A8BE67}.Release|x64.Build.0 = Release|x64
		{582CB5C5-9388-4AF7-951A-D974F3A8BE67}.Release|x86.ActiveCfg = Release|Win32
		{582CB5C5-9388-4AF7-951A-D974F3A8BE67}.Release|x86.Build.0 = Release|Win32
		{74078C63-3CF7-4501-A6E8-CECF963A8D6A}.Debug|x64.ActiveCfg = Debug|x64
		{74078C63-3CF7-4501-A6E8-CECF963A8D6A}.Debug|x64.Build.0 = Debug|x64
		{74078C63-3CF7-4501-A6E8-CECF963A8D6A}.Debug|x86.ActiveCfg = Debug|Win32
		{74078C63-3CF7-4501-A6E8-CECF963A8D6A}.Debug|x86.Build.0 = Debug|Win32
		{74078C63-3CF7-4501-A6E8-CECF963A8D6A}.Release|x64.ActiveCfg = Release|x64
		{74078C63-3CF7-4501-A6E8-CECF963A8D6A}.Release|x64.Build.0 = Release|x64
		{74078C63-3CF7-4501-A6E8-CECF963A8D6A}.Release|x86.ActiveCfg = Release|Win32
		{74078C63-3CF7-4501-A6E8-CECF963A8D6A}.Release|x86.Build.0 = Release|Win32
		{248EC155-891B-4DD0-94E8-B45A065EA005}.Debug|x64.ActiveCfg = Debug|x64
		{248EC155-891B-4DD0-94E8-B45A065EA005}.Debug|x64.Build.0 = Debug|x64
		{248EC155-891B-4DD0-94E8-B45A065EA005}.Debug|x86.ActiveCfg = Debug|Win32
		{248EC155-891B-4DD0-94E8-B45A065EA005}.Debug|x86.Build.0 = Debug|Win32
		{248EC155-891B-4DD0-94E8-B45A065EA005}.Release|x64.ActiveCfg = Release|x64
		{248EC155-891B-4DD0-94E8-B45A065EA005}.Release|x64.Build.0 = Release|x64
		{248EC155-891B-4DD0-94E8-B45A065EA005}.Release|x86.ActiveCfg = Release|Win32
		{248EC155-891B-4DD0-94E8-B45A065EA005}.Release|x86.Build.0 = Release|Win32
		{ADE68B98-AEEF-44D5-9042-CA5C0A7175AA}.Debug|x64.ActiveCfg = Debug|x64
		{ADE68B98-AEEF-44D5-9042-CA5C0A7175AA}.Debug|x64.Build.0 = Debug|x64
		{ADE68B98-AEEF-44D5-9042-CA5C0A7175AA}.Debug|x86.ActiveCfg = Debug|Win32
		{ADE68B98-AEEF-44D5-9042-CA5C0A7175AA}.Debug|x86.Build.0 = Debug|Win32
		{ADE68B98-AEEF-44D5-9042-CA5C0A7175AA}.Release|x64.ActiveCfg = Release|x64
		{ADE68B98-AEEF-44D5-9042-CA5C0A7175AA}.Release|x64.Build.0 = Release|x64
		{ADE68B98-AEEF-44D5-9042-CA5C0A7175AA}.Release|x86.ActiveCfg = Release|Win32
		{ADE68B98-AEEF-44D5-9042-CA5C0A7175AA}.Release|x86.Build.0 = Release|Win32
		{C2AE2515-3F35-4236-A513-255F007295BE}.Debug|x64.ActiveCfg = Debug|x64
		{C2AE2515-3F35-4236-A513-255F007295BE}.Debug|x64.Build.0 = Debug|x64
		{C2AE2515-3F35-4236-A513-255F007295BE}.Debug|x86.ActiveCfg = Debug|Win32
		{C2AE2515-3F35-4236-A513-255F007295BE}.Debug|x86.Build.0 = Debug|Win32
		{C2AE2515-3F35-4236-A513-255F007295BE}.Release|x64.ActiveCfg = Release|x64
		{C2AE2515-3F35-4236-A513-255F007295BE}.Release|x64.Build.0 = Release|x64
		{C2AE2515-3F35-4236-A513-255F007295BE}.Release|x86.ActiveCfg = Release|Win32
		{C2AE2515-3F35-4236-A513-255F007295BE}.Release|x86.Build.0 = Release|Win32
		{E69FFC55-5C32-4355-8DCB-1AC81EAE5AD9}.Debug|x64.ActiveCfg = Debug|x64
		{E69FFC55-5C32-4355-8DCB-1AC81EAE5AD9}.Debug|x64.Build.0 = Debug|x64
		{E69FFC55-5C32-4355-8DCB-1AC81EAE5AD9}.Debug|x86.ActiveCfg = Debug|Win32
		{E69FFC55-5C32-4355-8DCB-1AC81EAE5AD9}.Debug|x86.Build.0 = Debug|Win32
		{E69FFC55-5C32-4355-8DCB-1AC81EAE5AD9}.Release|x64.ActiveCfg = Release|x64
		{E69FFC55-5C32-4355-8DCB-1AC81EAE5AD9}.Release|x64.Build.0 = Release|x64
		{E69FFC55-5C32-4355-8DCB-1AC81EAE5AD9}.Release|x86.ActiveCfg = Release|Win32
		{E69FFC55-5C32-4355-8DCB-1AC81EAE5AD9}.Release|x86.Build.0 = Release|Win32
		{00EA4C34-73F5-4D27-9E3E-EC4539CEB38C}.Debug|x64.ActiveCfg = Debug|x64
		{00EA4C34-73F5-4D27-9E3E-EC4539CEB38C}.Debug|x64.Build.0 = Debug|x64
		{00EA4C34-73F5-4D27-9E3E-EC4539CEB38C}.Debug|x86.ActiveCfg = Debug|Win32
		{00EA4C34-73F5-4D27-9E3E-EC4539CEB38C}.Debug|x86.Build.0 = Debug|Win32
		{00EA4C34-73F5-4D27-9E3E-EC4539CEB38C}.Release|x64.ActiveCfg = Release|x64
		{00EA4C34-73F5-4D27-9E3E-EC4539CEB38C}.Release|x64.Build.0 = Release|x64
		{00EA4C34-73F5-4D27-9E3E-EC4539CEB38C}.Release|x86.ActiveCfg = Release|Win32
		{00EA4C34-73F5-4D27-9E3E-EC4539CEB38C}.Release|x86.Build.0 = Release|Win32
		{15AAA1A6-C38F-44E2-8845-C56FB8000289}.Debug|x64.ActiveCfg = Debug|x64
		{15AAA1A6-C38F-44E2-8845-C56FB8000289}.Debug|x64.Build.0 = Debug|x64
		{15AAA1A6-C38F-44E2-8845-C56FB8000289}.Debug|x86.ActiveCfg = Debug|Win32
		{15AAA1A6-C38F-44E2-8845-C56FB8000289}.Debug|x86.Build.0 = Debug|Win32
		{15AAA1A6-C38F-44E2-8845-C56FB8000289}.Release|x64.ActiveCfg = Release|x64
		{15AAA1A6-C38F-44E2-8845-C56FB8000289}.Release|x64.Build.0 = Release|x64
		{15AAA1A6-C38F-44E2-8845-C56FB8000289}.Release|x86.ActiveCfg = Release|Win32
		{15AAA1A6-C38F-44E2-8845-C56FB8000289}.Release|x86.Build.0 = Release|Win32
		{0400095B-8D22-4AD3-9E9C-48E68C95A309}.Debug|x64.ActiveCfg = Debug|x64
		{0400095B-8D22-4AD3-9E9C-48E68C95A309}.Debug|x64.Build.0 = Debug|x64
		{0400095B-8D22-4AD3-9E9C-48E68C95A309}.Debug|x86.ActiveCfg = Debug|Win32
		{0400095B-8D22-4AD3-9E9C-48E68C95A309}.Debug|x86.Build.0 = Debug|Win32
		{0400095B-8D22-4AD3-9E9C-48E68C95A309}.Release|x64.ActiveCfg = Release|x64
		{0400095B-8D22-4AD3-9E9C-48E68C95A309}.Release|x64.Build.0 = Release|x64
		{0400095B-8D22-4AD3-9E9C-48E68C95A309}.Release|x86.ActiveCfg = Release|Win32
		{0400095B-8D22-4AD3-9E9C-48E68C95A309}.Release|x86.Build.0 = Release|Win32
		{200FEA02-4D55-4B27-B204-EC2BC2ED87FD}.Debug|x64.ActiveCfg = Debug|x64
		{200FEA02-4D55-4B27-B204-EC2BC2ED87FD}.Debug|x64.Build.0 = Debug|x64
		{200FEA02-4D55-4B27-B204-EC2BC2ED87FD}.Debug|x86.ActiveCfg = Debug|Win32
		{200FEA02-4D55-4B27-B204-EC2BC2ED87FD}.Debug|x86.Build.0 = Debug|Win32
		{200FEA02-4D55-4B27-B204-EC2BC2ED87FD}.Release|x64.ActiveCfg = Release|x64
		{200FEA02-4D55-4B27-B204-EC2BC2ED87FD}.Release|x64.Build.0 = Release|x64
		{200FEA02-4D55-4B27-B204-EC2BC2ED87FD}.Release|x86.ActiveCfg = Release|Win32
		{200FEA02-4D55-4B27-B204-EC2BC2ED87FD}.Release|x86.Build.0 = Release|Win32
		{9A1EA22B-4722-4D2F-8597-7C118B9EA7DD}.Debug|x64.ActiveCfg = Debug|x64
		{9A1EA22B-4722-4D2F-8597-7C118B9EA7DD}.Debug|x64.Build.0 = Debug|x64
		{9A1EA22B-4722-4D2F-8597-7C118B9EA7DD}.Debug|x86.ActiveCfg = Debug|Win32
		{9A1EA22B-4722-4D2F-8597-7C118B9EA7DD}.Debug|x86.Build.0 = Debug|Win32
		{9A1EA22B-4722-4D2F-8597-7C118B9EA7DD}.Release|x64.ActiveCfg = Release|x64
		{9A1EA22B-4722-4D2F-8597-7C118B9EA7DD}.Release|x64.Build.0 = Release|x64
		{9A1EA22B-4722-4D2F-8597-7C118B9EA7DD}.Release|x86.ActiveCfg = Release|Win32
		{9A1EA22B-4722-4D2F-8597-7C118B9EA7DD}.Release|x86.Build.0 = Release|Win32
		{9D8D7B6C-9A65-4698-8D7E-BAE7856DBC01}.Debug|x64.ActiveCfg = Debug|x64
		{9D8D7B6C-9A65-4698-8D7E-BAE7856DBC01}.Debug|x64.Build.0 = Debug|x64
		{9D8D7B6C-9A65-4698-8D7E-BAE7856DBC01}.Debug|x86.ActiveCfg = Debug|Win32
		{9D8D7B6C-9A65-4698-8D7E-BAE7856DBC01}.Debug|x86.Build.0 = Debug|Win32
		{9D8D7B6C-9A65-4698-8D7E-BAE7856DBC01}.Release|x64.ActiveCfg = Release|x64
		{9D8D7B6C-9A65-4698-8D7E-BAE7856DBC01}.Release|x64.Build.0 = Release|x64
		{9D8D7B6C-9A65-4698-8D7E-BAE7856DBC01}.Release|x86.ActiveCfg = Release|Win32
		{9D8D7B6C-9A65-4698-8D7E-BAE7856DBC01}.Release|x86.Build.0 = Release|Win32
		{2D674D58-DD44-4ED7-8C92-3704DF962782}.Debug|x64.ActiveCfg = Debug|x64
		{2D674D58-DD44-4ED7-8C92-3704DF962782}.Debug|x64.Build.0 = Debug|x64
		{2D674D58-DD44-4ED7-8C92-3704DF962782}.Debug|x86.ActiveCfg = Debug|Win32
		{2D674D58-DD44-4ED7-8C92-3704DF962782}.Debug|x86.Build.0 = Debug|Win32
		{2D674D58-DD44-4ED7-8C92-3704DF962782}.Release|x64.ActiveCfg = Release|x64
		{2D674D58-DD44-4ED7-8C92-3704DF962782}.Release|x64.Build.0 = Release|x64
		{2D674D58-DD44-4ED7-8C92-3704DF962782}.Release|x86.ActiveCfg = Release|Win32
		{2D674D58-DD44-4ED7-8C92-3704DF962782}.Release|x86.Build.0 = Release|Win32
		{AEA7E148-5602-4E4E-9382-56FD5181D40F}.Debug|x64.ActiveCfg = Debug|x64
		{AEA7E148-5602-4E4E-9382-56FD5181D40F}.Debug|x64.Build.0 = Debug|x64
		{AEA7E148-5602-4E4E-9382-56FD5181D40F}.Debug|x86.ActiveCfg = Debug|Win32
		{AEA7E148-5602-4E4E-9382-56FD5181D40F}.Debug|x86.Build.0 = Debug|Win32
		{AEA7E148-5602-4E4E-9382-56FD5181D40F}.Release|x64.ActiveCfg = Release|x64
		{AEA7E148-5602-4E4E-9382-56FD5181D40F}.Release|x64.Build.0 = Release|x64
		{AEA7E148-5602-4E4E-9382-56FD5181D40F}.Release|x86.ActiveCfg = Release|Win32
		{AEA7E148-5602-4E4E-9382-56FD5181D40F}.Release|x86.Build.0 = Release|Win32
		{F422C8A3-A374-4632-A963-69763AD64BF2}.Debug|x64.ActiveCfg = Debug|x64
		{F422C8A3-A374-4632-A963-69763AD64BF2}.Debug|x64.Build.0 = Debug|x64
		{F422C8A3-A374-4632-A963-69763AD64BF2}.Debug|x86.ActiveCfg = Debug|Win32
		{F422C8A3-A374-4632-A963-69763AD64BF2}.Debug|x86.Build.0 = Debug|Win32
		{F422C8A3-A374-4632-A963-69763AD64BF2}.Release|x64.ActiveCfg = Release|x64
		{F422C8A3-A374-4632-A963-69763AD64BF2}.Release|x64.Build.0 = Release|x64
		{F422C8A3-A374-4632-A963-69763AD64BF2}.Release|x86.ActiveCfg = Release|Win32
		{F422C8A3-A374-4632-A963-69763AD64BF2}.Release|x86.Build.0 = Release|Win32
	EndGlobalSection
	GlobalSection(SolutionProperties) = preSolution
		HideSolutionNode = FALSE
	EndGlobalSection
	GlobalSection(ExtensibilityGlobals) = postSolution
		SolutionGuid = {8010AC79-56A2-439C-93B6-A049B7585658}
	EndGlobalSection
EndGlobal
